// !$*UTF8*$!
{
	archiveVersion = 1;
	classes = {
	};
	objectVersion = 55;
	objects = {

/* Begin PBXBuildFile section */
		3F392BB627A3BAEB00C5FBA0 /* main.c in Sources */ = {isa = PBXBuildFile; fileRef = 3F392BB527A3BAEB00C5FBA0 /* main.c */; };
		3F392BC827A3BB5600C5FBA0 /* test.c in Sources */ = {isa = PBXBuildFile; fileRef = 3F392BC727A3BB5600C5FBA0 /* test.c */; };
		3F392BD027A429A100C5FBA0 /* main.c in Sources */ = {isa = PBXBuildFile; fileRef = 3F392BCF27A429A100C5FBA0 /* main.c */; };
		3FC1A5F927A9778700407E49 /* main.c in Sources */ = {isa = PBXBuildFile; fileRef = 3FC1A5F827A9778700407E49 /* main.c */; };
		3FC1A60427A97DE100407E49 /* main.c in Sources */ = {isa = PBXBuildFile; fileRef = 3FC1A60327A97DE100407E49 /* main.c */; };
		3FC1A60F27A9839500407E49 /* main.c in Sources */ = {isa = PBXBuildFile; fileRef = 3FC1A60E27A9839500407E49 /* main.c */; };
		3FC1A61A27A988A200407E49 /* main.c in Sources */ = {isa = PBXBuildFile; fileRef = 3FC1A61927A988A200407E49 /* main.c */; };
		3FD490B227B147F50035A979 /* main.c in Sources */ = {isa = PBXBuildFile; fileRef = 3FD490B127B147F50035A979 /* main.c */; };
		3FD490BD27B14B360035A979 /* main.c in Sources */ = {isa = PBXBuildFile; fileRef = 3FD490BC27B14B360035A979 /* main.c */; };
		3FFE674627AAFBE200BEACC1 /* main.c in Sources */ = {isa = PBXBuildFile; fileRef = 3FFE674527AAFBE200BEACC1 /* main.c */; };
		3FFE675127B016B100BEACC1 /* main.c in Sources */ = {isa = PBXBuildFile; fileRef = 3FFE675027B016B100BEACC1 /* main.c */; };
/* End PBXBuildFile section */

/* Begin PBXCopyFilesBuildPhase section */
		3F392BB027A3BAEB00C5FBA0 /* CopyFiles */ = {
			isa = PBXCopyFilesBuildPhase;
			buildActionMask = 2147483647;
			dstPath = /usr/share/man/man1/;
			dstSubfolderSpec = 0;
			files = (
			);
			runOnlyForDeploymentPostprocessing = 1;
		};
		3F392BBE27A3BB3C00C5FBA0 /* CopyFiles */ = {
			isa = PBXCopyFilesBuildPhase;
			buildActionMask = 2147483647;
			dstPath = /usr/share/man/man1/;
			dstSubfolderSpec = 0;
			files = (
			);
			runOnlyForDeploymentPostprocessing = 1;
		};
		3F392BCB27A429A100C5FBA0 /* CopyFiles */ = {
			isa = PBXCopyFilesBuildPhase;
			buildActionMask = 2147483647;
			dstPath = /usr/share/man/man1/;
			dstSubfolderSpec = 0;
			files = (
			);
			runOnlyForDeploymentPostprocessing = 1;
		};
		3F392BD927A4420900C5FBA0 /* CopyFiles */ = {
			isa = PBXCopyFilesBuildPhase;
			buildActionMask = 2147483647;
			dstPath = /usr/share/man/man1/;
			dstSubfolderSpec = 0;
			files = (
			);
			runOnlyForDeploymentPostprocessing = 1;
		};
		3FC1A5F427A9778700407E49 /* CopyFiles */ = {
			isa = PBXCopyFilesBuildPhase;
			buildActionMask = 2147483647;
			dstPath = /usr/share/man/man1/;
			dstSubfolderSpec = 0;
			files = (
			);
			runOnlyForDeploymentPostprocessing = 1;
		};
		3FC1A5FF27A97DE100407E49 /* CopyFiles */ = {
			isa = PBXCopyFilesBuildPhase;
			buildActionMask = 2147483647;
			dstPath = /usr/share/man/man1/;
			dstSubfolderSpec = 0;
			files = (
			);
			runOnlyForDeploymentPostprocessing = 1;
		};
		3FC1A60A27A9839500407E49 /* CopyFiles */ = {
			isa = PBXCopyFilesBuildPhase;
			buildActionMask = 2147483647;
			dstPath = /usr/share/man/man1/;
			dstSubfolderSpec = 0;
			files = (
			);
			runOnlyForDeploymentPostprocessing = 1;
		};
		3FC1A61527A988A200407E49 /* CopyFiles */ = {
			isa = PBXCopyFilesBuildPhase;
			buildActionMask = 2147483647;
			dstPath = /usr/share/man/man1/;
			dstSubfolderSpec = 0;
			files = (
			);
			runOnlyForDeploymentPostprocessing = 1;
		};
		3FD490AD27B147F50035A979 /* CopyFiles */ = {
			isa = PBXCopyFilesBuildPhase;
			buildActionMask = 2147483647;
			dstPath = /usr/share/man/man1/;
			dstSubfolderSpec = 0;
			files = (
			);
			runOnlyForDeploymentPostprocessing = 1;
		};
		3FD490B827B14B360035A979 /* CopyFiles */ = {
			isa = PBXCopyFilesBuildPhase;
			buildActionMask = 2147483647;
			dstPath = /usr/share/man/man1/;
			dstSubfolderSpec = 0;
			files = (
			);
			runOnlyForDeploymentPostprocessing = 1;
		};
		3FFE672B27AAF86E00BEACC1 /* CopyFiles */ = {
			isa = PBXCopyFilesBuildPhase;
			buildActionMask = 2147483647;
			dstPath = /usr/share/man/man1/;
			dstSubfolderSpec = 0;
			files = (
			);
			runOnlyForDeploymentPostprocessing = 1;
		};
		3FFE673627AAFB2A00BEACC1 /* CopyFiles */ = {
			isa = PBXCopyFilesBuildPhase;
			buildActionMask = 2147483647;
			dstPath = /usr/share/man/man1/;
			dstSubfolderSpec = 0;
			files = (
			);
			runOnlyForDeploymentPostprocessing = 1;
		};
		3FFE674127AAFBE200BEACC1 /* CopyFiles */ = {
			isa = PBXCopyFilesBuildPhase;
			buildActionMask = 2147483647;
			dstPath = /usr/share/man/man1/;
			dstSubfolderSpec = 0;
			files = (
			);
			runOnlyForDeploymentPostprocessing = 1;
		};
		3FFE674C27B016B100BEACC1 /* CopyFiles */ = {
			isa = PBXCopyFilesBuildPhase;
			buildActionMask = 2147483647;
			dstPath = /usr/share/man/man1/;
			dstSubfolderSpec = 0;
			files = (
			);
			runOnlyForDeploymentPostprocessing = 1;
		};
/* End PBXCopyFilesBuildPhase section */

/* Begin PBXFileReference section */
		3F392BB227A3BAEB00C5FBA0 /* Xcode Projects */ = {isa = PBXFileReference; explicitFileType = "compiled.mach-o.executable"; includeInIndex = 0; path = "Xcode Projects"; sourceTree = BUILT_PRODUCTS_DIR; };
		3F392BB527A3BAEB00C5FBA0 /* main.c */ = {isa = PBXFileReference; lastKnownFileType = sourcecode.c.c; path = main.c; sourceTree = "<group>"; };
		3F392BC027A3BB3C00C5FBA0 /* write name */ = {isa = PBXFileReference; explicitFileType = "compiled.mach-o.executable"; includeInIndex = 0; path = "write name"; sourceTree = BUILT_PRODUCTS_DIR; };
		3F392BC727A3BB5600C5FBA0 /* test.c */ = {isa = PBXFileReference; lastKnownFileType = sourcecode.c.c; path = test.c; sourceTree = "<group>"; };
		3F392BCD27A429A100C5FBA0 /* scanf */ = {isa = PBXFileReference; explicitFileType = "compiled.mach-o.executable"; includeInIndex = 0; path = scanf; sourceTree = BUILT_PRODUCTS_DIR; };
		3F392BCF27A429A100C5FBA0 /* main.c */ = {isa = PBXFileReference; lastKnownFileType = sourcecode.c.c; path = main.c; sourceTree = "<group>"; };
		3F392BDB27A4420900C5FBA0 /* Basic data types */ = {isa = PBXFileReference; explicitFileType = "compiled.mach-o.executable"; includeInIndex = 0; path = "Basic data types"; sourceTree = BUILT_PRODUCTS_DIR; };
		3FC1A5F627A9778700407E49 /* format specifier */ = {isa = PBXFileReference; explicitFileType = "compiled.mach-o.executable"; includeInIndex = 0; path = "format specifier"; sourceTree = BUILT_PRODUCTS_DIR; };
		3FC1A5F827A9778700407E49 /* main.c */ = {isa = PBXFileReference; lastKnownFileType = sourcecode.c.c; path = main.c; sourceTree = "<group>"; };
		3FC1A60127A97DE100407E49 /* Command line Arguments */ = {isa = PBXFileReference; explicitFileType = "compiled.mach-o.executable"; includeInIndex = 0; path = "Command line Arguments"; sourceTree = BUILT_PRODUCTS_DIR; };
		3FC1A60327A97DE100407E49 /* main.c */ = {isa = PBXFileReference; lastKnownFileType = sourcecode.c.c; path = main.c; sourceTree = "<group>"; };
		3FC1A60C27A9839500407E49 /* Rectangle */ = {isa = PBXFileReference; explicitFileType = "compiled.mach-o.executable"; includeInIndex = 0; path = Rectangle; sourceTree = BUILT_PRODUCTS_DIR; };
		3FC1A60E27A9839500407E49 /* main.c */ = {isa = PBXFileReference; lastKnownFileType = sourcecode.c.c; path = main.c; sourceTree = "<group>"; };
		3FC1A61727A988A200407E49 /* Enum example */ = {isa = PBXFileReference; explicitFileType = "compiled.mach-o.executable"; includeInIndex = 0; path = "Enum example"; sourceTree = BUILT_PRODUCTS_DIR; };
		3FC1A61927A988A200407E49 /* main.c */ = {isa = PBXFileReference; lastKnownFileType = sourcecode.c.c; path = main.c; sourceTree = "<group>"; };
		3FD490AF27B147F50035A979 /* MinutesConversion */ = {isa = PBXFileReference; explicitFileType = "compiled.mach-o.executable"; includeInIndex = 0; path = MinutesConversion; sourceTree = BUILT_PRODUCTS_DIR; };
		3FD490B127B147F50035A979 /* main.c */ = {isa = PBXFileReference; lastKnownFileType = sourcecode.c.c; path = main.c; sourceTree = "<group>"; };
		3FD490BA27B14B360035A979 /* SizefoExample */ = {isa = PBXFileReference; explicitFileType = "compiled.mach-o.executable"; includeInIndex = 0; path = SizefoExample; sourceTree = BUILT_PRODUCTS_DIR; };
		3FD490BC27B14B360035A979 /* main.c */ = {isa = PBXFileReference; lastKnownFileType = sourcecode.c.c; path = main.c; sourceTree = "<group>"; };
		3FFE672D27AAF86E00BEACC1 /* Basic Operators */ = {isa = PBXFileReference; explicitFileType = "compiled.mach-o.executable"; includeInIndex = 0; path = "Basic Operators"; sourceTree = BUILT_PRODUCTS_DIR; };
		3FFE673827AAFB2A00BEACC1 /* Arithmetic Operator */ = {isa = PBXFileReference; explicitFileType = "compiled.mach-o.executable"; includeInIndex = 0; path = "Arithmetic Operator"; sourceTree = BUILT_PRODUCTS_DIR; };
		3FFE674327AAFBE200BEACC1 /* logical operator */ = {isa = PBXFileReference; explicitFileType = "compiled.mach-o.executable"; includeInIndex = 0; path = "logical operator"; sourceTree = BUILT_PRODUCTS_DIR; };
		3FFE674527AAFBE200BEACC1 /* main.c */ = {isa = PBXFileReference; lastKnownFileType = sourcecode.c.c; path = main.c; sourceTree = "<group>"; };
		3FFE674E27B016B100BEACC1 /* Bitwise operators */ = {isa = PBXFileReference; explicitFileType = "compiled.mach-o.executable"; includeInIndex = 0; path = "Bitwise operators"; sourceTree = BUILT_PRODUCTS_DIR; };
		3FFE675027B016B100BEACC1 /* main.c */ = {isa = PBXFileReference; lastKnownFileType = sourcecode.c.c; path = main.c; sourceTree = "<group>"; };
/* End PBXFileReference section */

/* Begin PBXFrameworksBuildPhase section */
		3F392BAF27A3BAEB00C5FBA0 /* Frameworks */ = {
			isa = PBXFrameworksBuildPhase;
			buildActionMask = 2147483647;
			files = (
			);
			runOnlyForDeploymentPostprocessing = 0;
		};
		3F392BBD27A3BB3C00C5FBA0 /* Frameworks */ = {
			isa = PBXFrameworksBuildPhase;
			buildActionMask = 2147483647;
			files = (
			);
			runOnlyForDeploymentPostprocessing = 0;
		};
		3F392BCA27A429A100C5FBA0 /* Frameworks */ = {
			isa = PBXFrameworksBuildPhase;
			buildActionMask = 2147483647;
			files = (
			);
			runOnlyForDeploymentPostprocessing = 0;
		};
		3F392BD827A4420900C5FBA0 /* Frameworks */ = {
			isa = PBXFrameworksBuildPhase;
			buildActionMask = 2147483647;
			files = (
			);
			runOnlyForDeploymentPostprocessing = 0;
		};
		3FC1A5F327A9778700407E49 /* Frameworks */ = {
			isa = PBXFrameworksBuildPhase;
			buildActionMask = 2147483647;
			files = (
			);
			runOnlyForDeploymentPostprocessing = 0;
		};
		3FC1A5FE27A97DE100407E49 /* Frameworks */ = {
			isa = PBXFrameworksBuildPhase;
			buildActionMask = 2147483647;
			files = (
			);
			runOnlyForDeploymentPostprocessing = 0;
		};
		3FC1A60927A9839500407E49 /* Frameworks */ = {
			isa = PBXFrameworksBuildPhase;
			buildActionMask = 2147483647;
			files = (
			);
			runOnlyForDeploymentPostprocessing = 0;
		};
		3FC1A61427A988A200407E49 /* Frameworks */ = {
			isa = PBXFrameworksBuildPhase;
			buildActionMask = 2147483647;
			files = (
			);
			runOnlyForDeploymentPostprocessing = 0;
		};
		3FD490AC27B147F50035A979 /* Frameworks */ = {
			isa = PBXFrameworksBuildPhase;
			buildActionMask = 2147483647;
			files = (
			);
			runOnlyForDeploymentPostprocessing = 0;
		};
		3FD490B727B14B360035A979 /* Frameworks */ = {
			isa = PBXFrameworksBuildPhase;
			buildActionMask = 2147483647;
			files = (
			);
			runOnlyForDeploymentPostprocessing = 0;
		};
		3FFE672A27AAF86E00BEACC1 /* Frameworks */ = {
			isa = PBXFrameworksBuildPhase;
			buildActionMask = 2147483647;
			files = (
			);
			runOnlyForDeploymentPostprocessing = 0;
		};
		3FFE673527AAFB2A00BEACC1 /* Frameworks */ = {
			isa = PBXFrameworksBuildPhase;
			buildActionMask = 2147483647;
			files = (
			);
			runOnlyForDeploymentPostprocessing = 0;
		};
		3FFE674027AAFBE200BEACC1 /* Frameworks */ = {
			isa = PBXFrameworksBuildPhase;
			buildActionMask = 2147483647;
			files = (
			);
			runOnlyForDeploymentPostprocessing = 0;
		};
		3FFE674B27B016B100BEACC1 /* Frameworks */ = {
			isa = PBXFrameworksBuildPhase;
			buildActionMask = 2147483647;
			files = (
			);
			runOnlyForDeploymentPostprocessing = 0;
		};
/* End PBXFrameworksBuildPhase section */

/* Begin PBXGroup section */
		3F392BA927A3BAEA00C5FBA0 = {
			isa = PBXGroup;
			children = (
				3F392BB427A3BAEB00C5FBA0 /* Xcode Projects */,
				3F392BC127A3BB3C00C5FBA0 /* write name */,
				3F392BCE27A429A100C5FBA0 /* scanf */,
				3FC1A5F727A9778700407E49 /* format specifier */,
				3FC1A60227A97DE100407E49 /* Command line Arguments */,
				3FC1A60D27A9839500407E49 /* Rectangle */,
				3FC1A61827A988A200407E49 /* Enum example */,
				3FFE674427AAFBE200BEACC1 /* logical operator */,
				3FFE674F27B016B100BEACC1 /* Bitwise operators */,
				3FD490B027B147F50035A979 /* MinutesConversion */,
				3FD490BB27B14B360035A979 /* SizefoExample */,
				3F392BB327A3BAEB00C5FBA0 /* Products */,
			);
			sourceTree = "<group>";
		};
		3F392BB327A3BAEB00C5FBA0 /* Products */ = {
			isa = PBXGroup;
			children = (
				3F392BB227A3BAEB00C5FBA0 /* Xcode Projects */,
				3F392BC027A3BB3C00C5FBA0 /* write name */,
				3F392BCD27A429A100C5FBA0 /* scanf */,
				3F392BDB27A4420900C5FBA0 /* Basic data types */,
				3FC1A5F627A9778700407E49 /* format specifier */,
				3FC1A60127A97DE100407E49 /* Command line Arguments */,
				3FC1A60C27A9839500407E49 /* Rectangle */,
				3FC1A61727A988A200407E49 /* Enum example */,
				3FFE672D27AAF86E00BEACC1 /* Basic Operators */,
				3FFE673827AAFB2A00BEACC1 /* Arithmetic Operator */,
				3FFE674327AAFBE200BEACC1 /* logical operator */,
				3FFE674E27B016B100BEACC1 /* Bitwise operators */,
				3FD490AF27B147F50035A979 /* MinutesConversion */,
				3FD490BA27B14B360035A979 /* SizefoExample */,
			);
			name = Products;
			sourceTree = "<group>";
		};
		3F392BB427A3BAEB00C5FBA0 /* Xcode Projects */ = {
			isa = PBXGroup;
			children = (
				3F392BB527A3BAEB00C5FBA0 /* main.c */,
			);
			path = "Xcode Projects";
			sourceTree = "<group>";
		};
		3F392BC127A3BB3C00C5FBA0 /* write name */ = {
			isa = PBXGroup;
			children = (
				3F392BC727A3BB5600C5FBA0 /* test.c */,
			);
			path = "write name";
			sourceTree = "<group>";
		};
		3F392BCE27A429A100C5FBA0 /* scanf */ = {
			isa = PBXGroup;
			children = (
				3F392BCF27A429A100C5FBA0 /* main.c */,
			);
			path = scanf;
			sourceTree = "<group>";
		};
		3FC1A5F727A9778700407E49 /* format specifier */ = {
			isa = PBXGroup;
			children = (
				3FC1A5F827A9778700407E49 /* main.c */,
			);
			path = "format specifier";
			sourceTree = "<group>";
		};
		3FC1A60227A97DE100407E49 /* Command line Arguments */ = {
			isa = PBXGroup;
			children = (
				3FC1A60327A97DE100407E49 /* main.c */,
			);
			path = "Command line Arguments";
			sourceTree = "<group>";
		};
		3FC1A60D27A9839500407E49 /* Rectangle */ = {
			isa = PBXGroup;
			children = (
				3FC1A60E27A9839500407E49 /* main.c */,
			);
			path = Rectangle;
			sourceTree = "<group>";
		};
		3FC1A61827A988A200407E49 /* Enum example */ = {
			isa = PBXGroup;
			children = (
				3FC1A61927A988A200407E49 /* main.c */,
			);
			path = "Enum example";
			sourceTree = "<group>";
		};
		3FD490B027B147F50035A979 /* MinutesConversion */ = {
			isa = PBXGroup;
			children = (
				3FD490B127B147F50035A979 /* main.c */,
			);
			path = MinutesConversion;
			sourceTree = "<group>";
		};
		3FD490BB27B14B360035A979 /* SizefoExample */ = {
			isa = PBXGroup;
			children = (
				3FD490BC27B14B360035A979 /* main.c */,
			);
			path = SizefoExample;
			sourceTree = "<group>";
		};
		3FFE674427AAFBE200BEACC1 /* logical operator */ = {
			isa = PBXGroup;
			children = (
				3FFE674527AAFBE200BEACC1 /* main.c */,
			);
			path = "logical operator";
			sourceTree = "<group>";
		};
		3FFE674F27B016B100BEACC1 /* Bitwise operators */ = {
			isa = PBXGroup;
			children = (
				3FFE675027B016B100BEACC1 /* main.c */,
			);
			path = "Bitwise operators";
			sourceTree = "<group>";
		};
/* End PBXGroup section */

/* Begin PBXNativeTarget section */
		3F392BB127A3BAEB00C5FBA0 /* Xcode Projects */ = {
			isa = PBXNativeTarget;
			buildConfigurationList = 3F392BB927A3BAEB00C5FBA0 /* Build configuration list for PBXNativeTarget "Xcode Projects" */;
			buildPhases = (
				3F392BAE27A3BAEB00C5FBA0 /* Sources */,
				3F392BAF27A3BAEB00C5FBA0 /* Frameworks */,
				3F392BB027A3BAEB00C5FBA0 /* CopyFiles */,
			);
			buildRules = (
			);
			dependencies = (
			);
			name = "Xcode Projects";
			productName = "Xcode Projects";
			productReference = 3F392BB227A3BAEB00C5FBA0 /* Xcode Projects */;
			productType = "com.apple.product-type.tool";
		};
		3F392BBF27A3BB3C00C5FBA0 /* write name */ = {
			isa = PBXNativeTarget;
			buildConfigurationList = 3F392BC427A3BB3C00C5FBA0 /* Build configuration list for PBXNativeTarget "write name" */;
			buildPhases = (
				3F392BBC27A3BB3C00C5FBA0 /* Sources */,
				3F392BBD27A3BB3C00C5FBA0 /* Frameworks */,
				3F392BBE27A3BB3C00C5FBA0 /* CopyFiles */,
			);
			buildRules = (
			);
			dependencies = (
			);
			name = "write name";
			productName = "write name";
			productReference = 3F392BC027A3BB3C00C5FBA0 /* write name */;
			productType = "com.apple.product-type.tool";
		};
		3F392BCC27A429A100C5FBA0 /* scanf */ = {
			isa = PBXNativeTarget;
			buildConfigurationList = 3F392BD327A429A100C5FBA0 /* Build configuration list for PBXNativeTarget "scanf" */;
			buildPhases = (
				3F392BC927A429A100C5FBA0 /* Sources */,
				3F392BCA27A429A100C5FBA0 /* Frameworks */,
				3F392BCB27A429A100C5FBA0 /* CopyFiles */,
			);
			buildRules = (
			);
			dependencies = (
			);
			name = scanf;
			productName = scanf;
			productReference = 3F392BCD27A429A100C5FBA0 /* scanf */;
			productType = "com.apple.product-type.tool";
		};
		3F392BDA27A4420900C5FBA0 /* Basic data types */ = {
			isa = PBXNativeTarget;
			buildConfigurationList = 3F392BDF27A4420900C5FBA0 /* Build configuration list for PBXNativeTarget "Basic data types" */;
			buildPhases = (
				3F392BD727A4420900C5FBA0 /* Sources */,
				3F392BD827A4420900C5FBA0 /* Frameworks */,
				3F392BD927A4420900C5FBA0 /* CopyFiles */,
			);
			buildRules = (
			);
			dependencies = (
			);
			name = "Basic data types";
			productName = "Basic data types";
			productReference = 3F392BDB27A4420900C5FBA0 /* Basic data types */;
			productType = "com.apple.product-type.tool";
		};
		3FC1A5F527A9778700407E49 /* format specifier */ = {
			isa = PBXNativeTarget;
			buildConfigurationList = 3FC1A5FC27A9778700407E49 /* Build configuration list for PBXNativeTarget "format specifier" */;
			buildPhases = (
				3FC1A5F227A9778700407E49 /* Sources */,
				3FC1A5F327A9778700407E49 /* Frameworks */,
				3FC1A5F427A9778700407E49 /* CopyFiles */,
			);
			buildRules = (
			);
			dependencies = (
			);
			name = "format specifier";
			productName = "format specifier";
			productReference = 3FC1A5F627A9778700407E49 /* format specifier */;
			productType = "com.apple.product-type.tool";
		};
		3FC1A60027A97DE100407E49 /* Command line Arguments */ = {
			isa = PBXNativeTarget;
			buildConfigurationList = 3FC1A60527A97DE100407E49 /* Build configuration list for PBXNativeTarget "Command line Arguments" */;
			buildPhases = (
				3FC1A5FD27A97DE100407E49 /* Sources */,
				3FC1A5FE27A97DE100407E49 /* Frameworks */,
				3FC1A5FF27A97DE100407E49 /* CopyFiles */,
			);
			buildRules = (
			);
			dependencies = (
			);
			name = "Command line Arguments";
			productName = "Command line Arguments";
			productReference = 3FC1A60127A97DE100407E49 /* Command line Arguments */;
			productType = "com.apple.product-type.tool";
		};
		3FC1A60B27A9839500407E49 /* Rectangle */ = {
			isa = PBXNativeTarget;
			buildConfigurationList = 3FC1A61027A9839500407E49 /* Build configuration list for PBXNativeTarget "Rectangle" */;
			buildPhases = (
				3FC1A60827A9839500407E49 /* Sources */,
				3FC1A60927A9839500407E49 /* Frameworks */,
				3FC1A60A27A9839500407E49 /* CopyFiles */,
			);
			buildRules = (
			);
			dependencies = (
			);
			name = Rectangle;
			productName = Rectangle;
			productReference = 3FC1A60C27A9839500407E49 /* Rectangle */;
			productType = "com.apple.product-type.tool";
		};
		3FC1A61627A988A200407E49 /* Enum example */ = {
			isa = PBXNativeTarget;
			buildConfigurationList = 3FC1A61B27A988A200407E49 /* Build configuration list for PBXNativeTarget "Enum example" */;
			buildPhases = (
				3FC1A61327A988A200407E49 /* Sources */,
				3FC1A61427A988A200407E49 /* Frameworks */,
				3FC1A61527A988A200407E49 /* CopyFiles */,
			);
			buildRules = (
			);
			dependencies = (
			);
			name = "Enum example";
			productName = "Enum example";
			productReference = 3FC1A61727A988A200407E49 /* Enum example */;
			productType = "com.apple.product-type.tool";
		};
		3FD490AE27B147F50035A979 /* MinutesConversion */ = {
			isa = PBXNativeTarget;
			buildConfigurationList = 3FD490B527B147F50035A979 /* Build configuration list for PBXNativeTarget "MinutesConversion" */;
			buildPhases = (
				3FD490AB27B147F50035A979 /* Sources */,
				3FD490AC27B147F50035A979 /* Frameworks */,
				3FD490AD27B147F50035A979 /* CopyFiles */,
			);
			buildRules = (
			);
			dependencies = (
			);
			name = MinutesConversion;
			productName = MinutesConversion;
			productReference = 3FD490AF27B147F50035A979 /* MinutesConversion */;
			productType = "com.apple.product-type.tool";
		};
		3FD490B927B14B360035A979 /* SizefoExample */ = {
			isa = PBXNativeTarget;
			buildConfigurationList = 3FD490BE27B14B360035A979 /* Build configuration list for PBXNativeTarget "SizefoExample" */;
			buildPhases = (
				3FD490B627B14B360035A979 /* Sources */,
				3FD490B727B14B360035A979 /* Frameworks */,
				3FD490B827B14B360035A979 /* CopyFiles */,
			);
			buildRules = (
			);
			dependencies = (
			);
			name = SizefoExample;
			productName = SizefoExample;
			productReference = 3FD490BA27B14B360035A979 /* SizefoExample */;
			productType = "com.apple.product-type.tool";
		};
		3FFE672C27AAF86E00BEACC1 /* Basic Operators */ = {
			isa = PBXNativeTarget;
			buildConfigurationList = 3FFE673327AAF86E00BEACC1 /* Build configuration list for PBXNativeTarget "Basic Operators" */;
			buildPhases = (
				3FFE672927AAF86E00BEACC1 /* Sources */,
				3FFE672A27AAF86E00BEACC1 /* Frameworks */,
				3FFE672B27AAF86E00BEACC1 /* CopyFiles */,
			);
			buildRules = (
			);
			dependencies = (
			);
			name = "Basic Operators";
			productName = "Basic Operators";
			productReference = 3FFE672D27AAF86E00BEACC1 /* Basic Operators */;
			productType = "com.apple.product-type.tool";
		};
		3FFE673727AAFB2A00BEACC1 /* Arithmetic Operator */ = {
			isa = PBXNativeTarget;
			buildConfigurationList = 3FFE673C27AAFB2A00BEACC1 /* Build configuration list for PBXNativeTarget "Arithmetic Operator" */;
			buildPhases = (
				3FFE673427AAFB2A00BEACC1 /* Sources */,
				3FFE673527AAFB2A00BEACC1 /* Frameworks */,
				3FFE673627AAFB2A00BEACC1 /* CopyFiles */,
			);
			buildRules = (
			);
			dependencies = (
			);
			name = "Arithmetic Operator";
			productName = "Arithmetic Operator";
			productReference = 3FFE673827AAFB2A00BEACC1 /* Arithmetic Operator */;
			productType = "com.apple.product-type.tool";
		};
		3FFE674227AAFBE200BEACC1 /* logical operator */ = {
			isa = PBXNativeTarget;
			buildConfigurationList = 3FFE674727AAFBE200BEACC1 /* Build configuration list for PBXNativeTarget "logical operator" */;
			buildPhases = (
				3FFE673F27AAFBE200BEACC1 /* Sources */,
				3FFE674027AAFBE200BEACC1 /* Frameworks */,
				3FFE674127AAFBE200BEACC1 /* CopyFiles */,
			);
			buildRules = (
			);
			dependencies = (
			);
			name = "logical operator";
			productName = "logical operator";
			productReference = 3FFE674327AAFBE200BEACC1 /* logical operator */;
			productType = "com.apple.product-type.tool";
		};
		3FFE674D27B016B100BEACC1 /* Bitwise operators */ = {
			isa = PBXNativeTarget;
			buildConfigurationList = 3FFE675427B016B100BEACC1 /* Build configuration list for PBXNativeTarget "Bitwise operators" */;
			buildPhases = (
				3FFE674A27B016B100BEACC1 /* Sources */,
				3FFE674B27B016B100BEACC1 /* Frameworks */,
				3FFE674C27B016B100BEACC1 /* CopyFiles */,
			);
			buildRules = (
			);
			dependencies = (
			);
			name = "Bitwise operators";
			productName = "Bitwise operators";
			productReference = 3FFE674E27B016B100BEACC1 /* Bitwise operators */;
			productType = "com.apple.product-type.tool";
		};
/* End PBXNativeTarget section */

/* Begin PBXProject section */
		3F392BAA27A3BAEA00C5FBA0 /* Project object */ = {
			isa = PBXProject;
			attributes = {
				BuildIndependentTargetsInParallel = 1;
				LastUpgradeCheck = 1320;
				TargetAttributes = {
					3F392BB127A3BAEB00C5FBA0 = {
						CreatedOnToolsVersion = 13.2.1;
					};
					3F392BBF27A3BB3C00C5FBA0 = {
						CreatedOnToolsVersion = 13.2.1;
					};
					3F392BCC27A429A100C5FBA0 = {
						CreatedOnToolsVersion = 13.2.1;
					};
					3F392BDA27A4420900C5FBA0 = {
						CreatedOnToolsVersion = 13.2.1;
					};
					3FC1A5F527A9778700407E49 = {
						CreatedOnToolsVersion = 13.2.1;
					};
					3FC1A60027A97DE100407E49 = {
						CreatedOnToolsVersion = 13.2.1;
					};
					3FC1A60B27A9839500407E49 = {
						CreatedOnToolsVersion = 13.2.1;
					};
					3FC1A61627A988A200407E49 = {
						CreatedOnToolsVersion = 13.2.1;
					};
					3FD490AE27B147F50035A979 = {
						CreatedOnToolsVersion = 13.2.1;
					};
					3FD490B927B14B360035A979 = {
						CreatedOnToolsVersion = 13.2.1;
					};
					3FFE672C27AAF86E00BEACC1 = {
						CreatedOnToolsVersion = 13.2.1;
					};
					3FFE673727AAFB2A00BEACC1 = {
						CreatedOnToolsVersion = 13.2.1;
					};
					3FFE674227AAFBE200BEACC1 = {
						CreatedOnToolsVersion = 13.2.1;
					};
					3FFE674D27B016B100BEACC1 = {
						CreatedOnToolsVersion = 13.2.1;
					};
				};
			};
			buildConfigurationList = 3F392BAD27A3BAEA00C5FBA0 /* Build configuration list for PBXProject "Xcode Projects" */;
			compatibilityVersion = "Xcode 13.0";
			developmentRegion = en;
			hasScannedForEncodings = 0;
			knownRegions = (
				en,
				Base,
			);
			mainGroup = 3F392BA927A3BAEA00C5FBA0;
			productRefGroup = 3F392BB327A3BAEB00C5FBA0 /* Products */;
			projectDirPath = "";
			projectRoot = "";
			targets = (
				3F392BB127A3BAEB00C5FBA0 /* Xcode Projects */,
				3F392BBF27A3BB3C00C5FBA0 /* write name */,
				3F392BCC27A429A100C5FBA0 /* scanf */,
				3F392BDA27A4420900C5FBA0 /* Basic data types */,
				3FC1A5F527A9778700407E49 /* format specifier */,
				3FC1A60027A97DE100407E49 /* Command line Arguments */,
				3FC1A60B27A9839500407E49 /* Rectangle */,
				3FC1A61627A988A200407E49 /* Enum example */,
				3FFE672C27AAF86E00BEACC1 /* Basic Operators */,
				3FFE673727AAFB2A00BEACC1 /* Arithmetic Operator */,
				3FFE674227AAFBE200BEACC1 /* logical operator */,
				3FFE674D27B016B100BEACC1 /* Bitwise operators */,
				3FD490AE27B147F50035A979 /* MinutesConversion */,
				3FD490B927B14B360035A979 /* SizefoExample */,
			);
		};
/* End PBXProject section */

/* Begin PBXSourcesBuildPhase section */
		3F392BAE27A3BAEB00C5FBA0 /* Sources */ = {
			isa = PBXSourcesBuildPhase;
			buildActionMask = 2147483647;
			files = (
				3F392BB627A3BAEB00C5FBA0 /* main.c in Sources */,
			);
			runOnlyForDeploymentPostprocessing = 0;
		};
		3F392BBC27A3BB3C00C5FBA0 /* Sources */ = {
			isa = PBXSourcesBuildPhase;
			buildActionMask = 2147483647;
			files = (
				3F392BC827A3BB5600C5FBA0 /* test.c in Sources */,
			);
			runOnlyForDeploymentPostprocessing = 0;
		};
		3F392BC927A429A100C5FBA0 /* Sources */ = {
			isa = PBXSourcesBuildPhase;
			buildActionMask = 2147483647;
			files = (
				3F392BD027A429A100C5FBA0 /* main.c in Sources */,
			);
			runOnlyForDeploymentPostprocessing = 0;
		};
		3F392BD727A4420900C5FBA0 /* Sources */ = {
			isa = PBXSourcesBuildPhase;
			buildActionMask = 2147483647;
			files = (
			);
			runOnlyForDeploymentPostprocessing = 0;
		};
		3FC1A5F227A9778700407E49 /* Sources */ = {
			isa = PBXSourcesBuildPhase;
			buildActionMask = 2147483647;
			files = (
				3FC1A5F927A9778700407E49 /* main.c in Sources */,
			);
			runOnlyForDeploymentPostprocessing = 0;
		};
		3FC1A5FD27A97DE100407E49 /* Sources */ = {
			isa = PBXSourcesBuildPhase;
			buildActionMask = 2147483647;
			files = (
				3FC1A60427A97DE100407E49 /* main.c in Sources */,
			);
			runOnlyForDeploymentPostprocessing = 0;
		};
		3FC1A60827A9839500407E49 /* Sources */ = {
			isa = PBXSourcesBuildPhase;
			buildActionMask = 2147483647;
			files = (
				3FC1A60F27A9839500407E49 /* main.c in Sources */,
			);
			runOnlyForDeploymentPostprocessing = 0;
		};
		3FC1A61327A988A200407E49 /* Sources */ = {
			isa = PBXSourcesBuildPhase;
			buildActionMask = 2147483647;
			files = (
				3FC1A61A27A988A200407E49 /* main.c in Sources */,
			);
			runOnlyForDeploymentPostprocessing = 0;
		};
		3FD490AB27B147F50035A979 /* Sources */ = {
			isa = PBXSourcesBuildPhase;
			buildActionMask = 2147483647;
			files = (
				3FD490B227B147F50035A979 /* main.c in Sources */,
			);
			runOnlyForDeploymentPostprocessing = 0;
		};
		3FD490B627B14B360035A979 /* Sources */ = {
			isa = PBXSourcesBuildPhase;
			buildActionMask = 2147483647;
			files = (
				3FD490BD27B14B360035A979 /* main.c in Sources */,
			);
			runOnlyForDeploymentPostprocessing = 0;
		};
		3FFE672927AAF86E00BEACC1 /* Sources */ = {
			isa = PBXSourcesBuildPhase;
			buildActionMask = 2147483647;
			files = (
			);
			runOnlyForDeploymentPostprocessing = 0;
		};
		3FFE673427AAFB2A00BEACC1 /* Sources */ = {
			isa = PBXSourcesBuildPhase;
			buildActionMask = 2147483647;
			files = (
			);
			runOnlyForDeploymentPostprocessing = 0;
		};
		3FFE673F27AAFBE200BEACC1 /* Sources */ = {
			isa = PBXSourcesBuildPhase;
			buildActionMask = 2147483647;
			files = (
				3FFE674627AAFBE200BEACC1 /* main.c in Sources */,
			);
			runOnlyForDeploymentPostprocessing = 0;
		};
		3FFE674A27B016B100BEACC1 /* Sources */ = {
			isa = PBXSourcesBuildPhase;
			buildActionMask = 2147483647;
			files = (
				3FFE675127B016B100BEACC1 /* main.c in Sources */,
			);
			runOnlyForDeploymentPostprocessing = 0;
		};
/* End PBXSourcesBuildPhase section */

/* Begin XCBuildConfiguration section */
		3F392BB727A3BAEB00C5FBA0 /* Debug */ = {
			isa = XCBuildConfiguration;
			buildSettings = {
				ALWAYS_SEARCH_USER_PATHS = NO;
				CLANG_ANALYZER_NONNULL = YES;
				CLANG_ANALYZER_NUMBER_OBJECT_CONVERSION = YES_AGGRESSIVE;
				CLANG_CXX_LANGUAGE_STANDARD = "gnu++17";
				CLANG_CXX_LIBRARY = "libc++";
				CLANG_ENABLE_MODULES = YES;
				CLANG_ENABLE_OBJC_ARC = YES;
				CLANG_ENABLE_OBJC_WEAK = YES;
				CLANG_WARN_BLOCK_CAPTURE_AUTORELEASING = YES;
				CLANG_WARN_BOOL_CONVERSION = YES;
				CLANG_WARN_COMMA = YES;
				CLANG_WARN_CONSTANT_CONVERSION = YES;
				CLANG_WARN_DEPRECATED_OBJC_IMPLEMENTATIONS = YES;
				CLANG_WARN_DIRECT_OBJC_ISA_USAGE = YES_ERROR;
				CLANG_WARN_DOCUMENTATION_COMMENTS = YES;
				CLANG_WARN_EMPTY_BODY = YES;
				CLANG_WARN_ENUM_CONVERSION = YES;
				CLANG_WARN_INFINITE_RECURSION = YES;
				CLANG_WARN_INT_CONVERSION = YES;
				CLANG_WARN_NON_LITERAL_NULL_CONVERSION = YES;
				CLANG_WARN_OBJC_IMPLICIT_RETAIN_SELF = YES;
				CLANG_WARN_OBJC_LITERAL_CONVERSION = YES;
				CLANG_WARN_OBJC_ROOT_CLASS = YES_ERROR;
				CLANG_WARN_QUOTED_INCLUDE_IN_FRAMEWORK_HEADER = YES;
				CLANG_WARN_RANGE_LOOP_ANALYSIS = YES;
				CLANG_WARN_STRICT_PROTOTYPES = YES;
				CLANG_WARN_SUSPICIOUS_MOVE = YES;
				CLANG_WARN_UNGUARDED_AVAILABILITY = YES_AGGRESSIVE;
				CLANG_WARN_UNREACHABLE_CODE = YES;
				CLANG_WARN__DUPLICATE_METHOD_MATCH = YES;
				COPY_PHASE_STRIP = NO;
				DEBUG_INFORMATION_FORMAT = dwarf;
				ENABLE_STRICT_OBJC_MSGSEND = YES;
				ENABLE_TESTABILITY = YES;
				GCC_C_LANGUAGE_STANDARD = gnu11;
				GCC_DYNAMIC_NO_PIC = NO;
				GCC_NO_COMMON_BLOCKS = YES;
				GCC_OPTIMIZATION_LEVEL = 0;
				GCC_PREPROCESSOR_DEFINITIONS = (
					"DEBUG=1",
					"$(inherited)",
				);
				GCC_WARN_64_TO_32_BIT_CONVERSION = YES;
				GCC_WARN_ABOUT_RETURN_TYPE = YES_ERROR;
				GCC_WARN_UNDECLARED_SELECTOR = YES;
				GCC_WARN_UNINITIALIZED_AUTOS = YES_AGGRESSIVE;
				GCC_WARN_UNUSED_FUNCTION = YES;
				GCC_WARN_UNUSED_VARIABLE = YES;
				MACOSX_DEPLOYMENT_TARGET = 12.1;
				MTL_ENABLE_DEBUG_INFO = INCLUDE_SOURCE;
				MTL_FAST_MATH = YES;
				ONLY_ACTIVE_ARCH = YES;
				SDKROOT = macosx;
			};
			name = Debug;
		};
		3F392BB827A3BAEB00C5FBA0 /* Release */ = {
			isa = XCBuildConfiguration;
			buildSettings = {
				ALWAYS_SEARCH_USER_PATHS = NO;
				CLANG_ANALYZER_NONNULL = YES;
				CLANG_ANALYZER_NUMBER_OBJECT_CONVERSION = YES_AGGRESSIVE;
				CLANG_CXX_LANGUAGE_STANDARD = "gnu++17";
				CLANG_CXX_LIBRARY = "libc++";
				CLANG_ENABLE_MODULES = YES;
				CLANG_ENABLE_OBJC_ARC = YES;
				CLANG_ENABLE_OBJC_WEAK = YES;
				CLANG_WARN_BLOCK_CAPTURE_AUTORELEASING = YES;
				CLANG_WARN_BOOL_CONVERSION = YES;
				CLANG_WARN_COMMA = YES;
				CLANG_WARN_CONSTANT_CONVERSION = YES;
				CLANG_WARN_DEPRECATED_OBJC_IMPLEMENTATIONS = YES;
				CLANG_WARN_DIRECT_OBJC_ISA_USAGE = YES_ERROR;
				CLANG_WARN_DOCUMENTATION_COMMENTS = YES;
				CLANG_WARN_EMPTY_BODY = YES;
				CLANG_WARN_ENUM_CONVERSION = YES;
				CLANG_WARN_INFINITE_RECURSION = YES;
				CLANG_WARN_INT_CONVERSION = YES;
				CLANG_WARN_NON_LITERAL_NULL_CONVERSION = YES;
				CLANG_WARN_OBJC_IMPLICIT_RETAIN_SELF = YES;
				CLANG_WARN_OBJC_LITERAL_CONVERSION = YES;
				CLANG_WARN_OBJC_ROOT_CLASS = YES_ERROR;
				CLANG_WARN_QUOTED_INCLUDE_IN_FRAMEWORK_HEADER = YES;
				CLANG_WARN_RANGE_LOOP_ANALYSIS = YES;
				CLANG_WARN_STRICT_PROTOTYPES = YES;
				CLANG_WARN_SUSPICIOUS_MOVE = YES;
				CLANG_WARN_UNGUARDED_AVAILABILITY = YES_AGGRESSIVE;
				CLANG_WARN_UNREACHABLE_CODE = YES;
				CLANG_WARN__DUPLICATE_METHOD_MATCH = YES;
				COPY_PHASE_STRIP = NO;
				DEBUG_INFORMATION_FORMAT = "dwarf-with-dsym";
				ENABLE_NS_ASSERTIONS = NO;
				ENABLE_STRICT_OBJC_MSGSEND = YES;
				GCC_C_LANGUAGE_STANDARD = gnu11;
				GCC_NO_COMMON_BLOCKS = YES;
				GCC_WARN_64_TO_32_BIT_CONVERSION = YES;
				GCC_WARN_ABOUT_RETURN_TYPE = YES_ERROR;
				GCC_WARN_UNDECLARED_SELECTOR = YES;
				GCC_WARN_UNINITIALIZED_AUTOS = YES_AGGRESSIVE;
				GCC_WARN_UNUSED_FUNCTION = YES;
				GCC_WARN_UNUSED_VARIABLE = YES;
				MACOSX_DEPLOYMENT_TARGET = 12.1;
				MTL_ENABLE_DEBUG_INFO = NO;
				MTL_FAST_MATH = YES;
				SDKROOT = macosx;
			};
			name = Release;
		};
		3F392BBA27A3BAEB00C5FBA0 /* Debug */ = {
			isa = XCBuildConfiguration;
			buildSettings = {
				CODE_SIGN_STYLE = Automatic;
				PRODUCT_NAME = "$(TARGET_NAME)";
			};
			name = Debug;
		};
		3F392BBB27A3BAEB00C5FBA0 /* Release */ = {
			isa = XCBuildConfiguration;
			buildSettings = {
				CODE_SIGN_STYLE = Automatic;
				PRODUCT_NAME = "$(TARGET_NAME)";
			};
			name = Release;
		};
		3F392BC527A3BB3C00C5FBA0 /* Debug */ = {
			isa = XCBuildConfiguration;
			buildSettings = {
				CODE_SIGN_STYLE = Automatic;
				PRODUCT_NAME = "$(TARGET_NAME)";
			};
			name = Debug;
		};
		3F392BC627A3BB3C00C5FBA0 /* Release */ = {
			isa = XCBuildConfiguration;
			buildSettings = {
				CODE_SIGN_STYLE = Automatic;
				PRODUCT_NAME = "$(TARGET_NAME)";
			};
			name = Release;
		};
		3F392BD127A429A100C5FBA0 /* Debug */ = {
			isa = XCBuildConfiguration;
			buildSettings = {
				CODE_SIGN_STYLE = Automatic;
				PRODUCT_NAME = "$(TARGET_NAME)";
			};
			name = Debug;
		};
		3F392BD227A429A100C5FBA0 /* Release */ = {
			isa = XCBuildConfiguration;
			buildSettings = {
				CODE_SIGN_STYLE = Automatic;
				PRODUCT_NAME = "$(TARGET_NAME)";
			};
			name = Release;
		};
		3F392BE027A4420900C5FBA0 /* Debug */ = {
			isa = XCBuildConfiguration;
			buildSettings = {
				CODE_SIGN_STYLE = Automatic;
				PRODUCT_NAME = "$(TARGET_NAME)";
			};
			name = Debug;
		};
		3F392BE127A4420900C5FBA0 /* Release */ = {
			isa = XCBuildConfiguration;
			buildSettings = {
				CODE_SIGN_STYLE = Automatic;
				PRODUCT_NAME = "$(TARGET_NAME)";
			};
			name = Release;
		};
		3FC1A5FA27A9778700407E49 /* Debug */ = {
			isa = XCBuildConfiguration;
			buildSettings = {
				CODE_SIGN_STYLE = Automatic;
				PRODUCT_NAME = "$(TARGET_NAME)";
			};
			name = Debug;
		};
		3FC1A5FB27A9778700407E49 /* Release */ = {
			isa = XCBuildConfiguration;
			buildSettings = {
				CODE_SIGN_STYLE = Automatic;
				PRODUCT_NAME = "$(TARGET_NAME)";
			};
			name = Release;
		};
		3FC1A60627A97DE100407E49 /* Debug */ = {
			isa = XCBuildConfiguration;
			buildSettings = {
				CODE_SIGN_STYLE = Automatic;
				PRODUCT_NAME = "$(TARGET_NAME)";
			};
			name = Debug;
		};
		3FC1A60727A97DE100407E49 /* Release */ = {
			isa = XCBuildConfiguration;
			buildSettings = {
				CODE_SIGN_STYLE = Automatic;
				PRODUCT_NAME = "$(TARGET_NAME)";
			};
			name = Release;
		};
		3FC1A61127A9839500407E49 /* Debug */ = {
			isa = XCBuildConfiguration;
			buildSettings = {
				CODE_SIGN_STYLE = Automatic;
				PRODUCT_NAME = "$(TARGET_NAME)";
			};
			name = Debug;
		};
		3FC1A61227A9839500407E49 /* Release */ = {
			isa = XCBuildConfiguration;
			buildSettings = {
				CODE_SIGN_STYLE = Automatic;
				PRODUCT_NAME = "$(TARGET_NAME)";
			};
			name = Release;
		};
		3FC1A61C27A988A200407E49 /* Debug */ = {
			isa = XCBuildConfiguration;
			buildSettings = {
				CODE_SIGN_STYLE = Automatic;
				PRODUCT_NAME = "$(TARGET_NAME)";
			};
			name = Debug;
		};
		3FC1A61D27A988A200407E49 /* Release */ = {
			isa = XCBuildConfiguration;
			buildSettings = {
				CODE_SIGN_STYLE = Automatic;
				PRODUCT_NAME = "$(TARGET_NAME)";
			};
			name = Release;
		};
		3FD490B327B147F50035A979 /* Debug */ = {
			isa = XCBuildConfiguration;
			buildSettings = {
				CODE_SIGN_STYLE = Automatic;
				PRODUCT_NAME = "$(TARGET_NAME)";
			};
			name = Debug;
		};
		3FD490B427B147F50035A979 /* Release */ = {
			isa = XCBuildConfiguration;
			buildSettings = {
				CODE_SIGN_STYLE = Automatic;
				PRODUCT_NAME = "$(TARGET_NAME)";
			};
			name = Release;
		};
		3FD490BF27B14B360035A979 /* Debug */ = {
			isa = XCBuildConfiguration;
			buildSettings = {
				CODE_SIGN_STYLE = Automatic;
				PRODUCT_NAME = "$(TARGET_NAME)";
			};
			name = Debug;
		};
		3FD490C027B14B360035A979 /* Release */ = {
			isa = XCBuildConfiguration;
			buildSettings = {
				CODE_SIGN_STYLE = Automatic;
				PRODUCT_NAME = "$(TARGET_NAME)";
			};
			name = Release;
		};
		3FFE673127AAF86E00BEACC1 /* Debug */ = {
			isa = XCBuildConfiguration;
			buildSettings = {
				CODE_SIGN_STYLE = Automatic;
				PRODUCT_NAME = "$(TARGET_NAME)";
			};
			name = Debug;
		};
		3FFE673227AAF86E00BEACC1 /* Release */ = {
			isa = XCBuildConfiguration;
			buildSettings = {
				CODE_SIGN_STYLE = Automatic;
				PRODUCT_NAME = "$(TARGET_NAME)";
			};
			name = Release;
		};
		3FFE673D27AAFB2A00BEACC1 /* Debug */ = {
			isa = XCBuildConfiguration;
			buildSettings = {
				CODE_SIGN_STYLE = Automatic;
				PRODUCT_NAME = "$(TARGET_NAME)";
			};
			name = Debug;
		};
		3FFE673E27AAFB2A00BEACC1 /* Release */ = {
			isa = XCBuildConfiguration;
			buildSettings = {
				CODE_SIGN_STYLE = Automatic;
				PRODUCT_NAME = "$(TARGET_NAME)";
			};
			name = Release;
		};
		3FFE674827AAFBE200BEACC1 /* Debug */ = {
			isa = XCBuildConfiguration;
			buildSettings = {
				CODE_SIGN_STYLE = Automatic;
				PRODUCT_NAME = "$(TARGET_NAME)";
			};
			name = Debug;
		};
		3FFE674927AAFBE200BEACC1 /* Release */ = {
			isa = XCBuildConfiguration;
			buildSettings = {
				CODE_SIGN_STYLE = Automatic;
				PRODUCT_NAME = "$(TARGET_NAME)";
			};
			name = Release;
		};
		3FFE675227B016B100BEACC1 /* Debug */ = {
			isa = XCBuildConfiguration;
			buildSettings = {
				CODE_SIGN_STYLE = Automatic;
				PRODUCT_NAME = "$(TARGET_NAME)";
			};
			name = Debug;
		};
		3FFE675327B016B100BEACC1 /* Release */ = {
			isa = XCBuildConfiguration;
			buildSettings = {
				CODE_SIGN_STYLE = Automatic;
				PRODUCT_NAME = "$(TARGET_NAME)";
			};
			name = Release;
		};
/* End XCBuildConfiguration section */

/* Begin XCConfigurationList section */
		3F392BAD27A3BAEA00C5FBA0 /* Build configuration list for PBXProject "Xcode Projects" */ = {
			isa = XCConfigurationList;
			buildConfigurations = (
				3F392BB727A3BAEB00C5FBA0 /* Debug */,
				3F392BB827A3BAEB00C5FBA0 /* Release */,
			);
			defaultConfigurationIsVisible = 0;
			defaultConfigurationName = Release;
		};
		3F392BB927A3BAEB00C5FBA0 /* Build configuration list for PBXNativeTarget "Xcode Projects" */ = {
			isa = XCConfigurationList;
			buildConfigurations = (
				3F392BBA27A3BAEB00C5FBA0 /* Debug */,
				3F392BBB27A3BAEB00C5FBA0 /* Release */,
			);
			defaultConfigurationIsVisible = 0;
			defaultConfigurationName = Release;
		};
		3F392BC427A3BB3C00C5FBA0 /* Build configuration list for PBXNativeTarget "write name" */ = {
			isa = XCConfigurationList;
			buildConfigurations = (
				3F392BC527A3BB3C00C5FBA0 /* Debug */,
				3F392BC627A3BB3C00C5FBA0 /* Release */,
			);
			defaultConfigurationIsVisible = 0;
			defaultConfigurationName = Release;
		};
		3F392BD327A429A100C5FBA0 /* Build configuration list for PBXNativeTarget "scanf" */ = {
			isa = XCConfigurationList;
			buildConfigurations = (
				3F392BD127A429A100C5FBA0 /* Debug */,
				3F392BD227A429A100C5FBA0 /* Release */,
			);
			defaultConfigurationIsVisible = 0;
			defaultConfigurationName = Release;
		};
		3F392BDF27A4420900C5FBA0 /* Build configuration list for PBXNativeTarget "Basic data types" */ = {
			isa = XCConfigurationList;
			buildConfigurations = (
				3F392BE027A4420900C5FBA0 /* Debug */,
				3F392BE127A4420900C5FBA0 /* Release */,
			);
			defaultConfigurationIsVisible = 0;
			defaultConfigurationName = Release;
		};
		3FC1A5FC27A9778700407E49 /* Build configuration list for PBXNativeTarget "format specifier" */ = {
			isa = XCConfigurationList;
			buildConfigurations = (
				3FC1A5FA27A9778700407E49 /* Debug */,
				3FC1A5FB27A9778700407E49 /* Release */,
			);
			defaultConfigurationIsVisible = 0;
			defaultConfigurationName = Release;
		};
		3FC1A60527A97DE100407E49 /* Build configuration list for PBXNativeTarget "Command line Arguments" */ = {
			isa = XCConfigurationList;
			buildConfigurations = (
				3FC1A60627A97DE100407E49 /* Debug */,
				3FC1A60727A97DE100407E49 /* Release */,
			);
			defaultConfigurationIsVisible = 0;
			defaultConfigurationName = Release;
		};
		3FC1A61027A9839500407E49 /* Build configuration list for PBXNativeTarget "Rectangle" */ = {
			isa = XCConfigurationList;
			buildConfigurations = (
				3FC1A61127A9839500407E49 /* Debug */,
				3FC1A61227A9839500407E49 /* Release */,
			);
			defaultConfigurationIsVisible = 0;
			defaultConfigurationName = Release;
		};
		3FC1A61B27A988A200407E49 /* Build configuration list for PBXNativeTarget "Enum example" */ = {
			isa = XCConfigurationList;
			buildConfigurations = (
				3FC1A61C27A988A200407E49 /* Debug */,
				3FC1A61D27A988A200407E49 /* Release */,
			);
			defaultConfigurationIsVisible = 0;
			defaultConfigurationName = Release;
		};
		3FD490B527B147F50035A979 /* Build configuration list for PBXNativeTarget "MinutesConversion" */ = {
			isa = XCConfigurationList;
			buildConfigurations = (
				3FD490B327B147F50035A979 /* Debug */,
				3FD490B427B147F50035A979 /* Release */,
			);
			defaultConfigurationIsVisible = 0;
			defaultConfigurationName = Release;
		};
		3FD490BE27B14B360035A979 /* Build configuration list for PBXNativeTarget "SizefoExample" */ = {
			isa = XCConfigurationList;
			buildConfigurations = (
				3FD490BF27B14B360035A979 /* Debug */,
				3FD490C027B14B360035A979 /* Release */,
			);
			defaultConfigurationIsVisible = 0;
			defaultConfigurationName = Release;
		};
		3FFE673327AAF86E00BEACC1 /* Build configuration list for PBXNativeTarget "Basic Operators" */ = {
			isa = XCConfigurationList;
			buildConfigurations = (
				3FFE673127AAF86E00BEACC1 /* Debug */,
				3FFE673227AAF86E00BEACC1 /* Release */,
			);
			defaultConfigurationIsVisible = 0;
			defaultConfigurationName = Release;
		};
		3FFE673C27AAFB2A00BEACC1 /* Build configuration list for PBXNativeTarget "Arithmetic Operator" */ = {
			isa = XCConfigurationList;
			buildConfigurations = (
				3FFE673D27AAFB2A00BEACC1 /* Debug */,
				3FFE673E27AAFB2A00BEACC1 /* Release */,
			);
			defaultConfigurationIsVisible = 0;
			defaultConfigurationName = Release;
		};
		3FFE674727AAFBE200BEACC1 /* Build configuration list for PBXNativeTarget "logical operator" */ = {
			isa = XCConfigurationList;
			buildConfigurations = (
				3FFE674827AAFBE200BEACC1 /* Debug */,
				3FFE674927AAFBE200BEACC1 /* Release */,
			);
			defaultConfigurationIsVisible = 0;
			defaultConfigurationName = Release;
		};
		3FFE675427B016B100BEACC1 /* Build configuration list for PBXNativeTarget "Bitwise operators" */ = {
			isa = XCConfigurationList;
			buildConfigurations = (
				3FFE675227B016B100BEACC1 /* Debug */,
				3FFE675327B016B100BEACC1 /* Release */,
			);
			defaultConfigurationIsVisible = 0;
			defaultConfigurationName = Release;
		};
/* End XCConfigurationList section */
	};
	rootObject = 3F392BAA27A3BAEA00C5FBA0 /* Project object */;
}
